
Microsoft Visual Studio Solution File, Format Version 12.00
# Visual Studio 15
VisualStudioVersion = 15.0.27130.2036
MinimumVisualStudioVersion = 10.0.40219.1
Project("{FAE04EC0-301F-11D3-BF4B-00C04F79EFBC}") = "QuartzStuff", "QuartzStuff\QuartzStuff.csproj", "{9B96E802-C817-49B9-8343-9FBC8E9E4D97}"
EndProject
Project("{FAE04EC0-301F-11D3-BF4B-00C04F79EFBC}") = "EventsDelegatesHandlersLambdas", "EventsDelegatesHandlersLambdas\EventsDelegatesHandlersLambdas.csproj", "{F9D45D2A-2E6E-4F3D-8BCF-9BF92F862063}"
EndProject
Project("{FAE04EC0-301F-11D3-BF4B-00C04F79EFBC}") = "Log4net", "Log4net\Log4net.csproj", "{5EDE7B96-A906-4896-863A-CB0CAF773755}"
EndProject
Project("{2150E333-8FDC-42A3-9474-1A3956D46DE8}") = "Solution Items", "Solution Items", "{AF4991D6-C6A1-4EB9-B928-2A9534393A0A}"
	ProjectSection(SolutionItems) = preProject
		log.config = log.config
	EndProjectSection
EndProject
Project("{FAE04EC0-301F-11D3-BF4B-00C04F79EFBC}") = "AutoMappingStuff", "AutoMappingStuff\AutoMappingStuff.csproj", "{C852E1CD-CC89-478C-B543-B4449C2ED4A8}"
EndProject
Project("{FAE04EC0-301F-11D3-BF4B-00C04F79EFBC}") = "SimDefRunner", "SimDefRunner\SimDefRunner.csproj", "{5DCFA7F7-75BD-4967-901B-FB4DCF5E9232}"
EndProject
Project("{FAE04EC0-301F-11D3-BF4B-00C04F79EFBC}") = "DateTimeTing", "DateTimeTing\DateTimeTing.csproj", "{CA136580-C5A3-48D0-BAF2-5D4745AEF38A}"
EndProject
Project("{FAE04EC0-301F-11D3-BF4B-00C04F79EFBC}") = "PrismWpfStuff", "PrismWpfStuff\PrismWpfStuff.csproj", "{084678D2-A8DD-4CBD-B24D-0758EB854AA9}"
EndProject
Project("{FAE04EC0-301F-11D3-BF4B-00C04F79EFBC}") = "PrismWpfStuff.Infrastructure", "PrismWpfStuff.Infrastructure\PrismWpfStuff.Infrastructure.csproj", "{0BA76752-DA3D-4740-AC4A-09AB6FACF9A0}"
EndProject
Project("{2150E333-8FDC-42A3-9474-1A3956D46DE8}") = "PrismWpfStuff.Business", "PrismWpfStuff.Business", "{F4CAE4FB-2551-4FCB-9B51-AC83B3274D84}"
EndProject
Project("{2150E333-8FDC-42A3-9474-1A3956D46DE8}") = "PrismWpfStuff.Modules", "PrismWpfStuff.Modules", "{85A1A663-FF54-4D97-B3DD-4552245C0DEA}"
EndProject
Project("{FAE04EC0-301F-11D3-BF4B-00C04F79EFBC}") = "ModuleOne", "ModuleOne\ModuleOne.csproj", "{BFDB7A9A-57E3-427F-9A7D-0EAD6F7EABB2}"
EndProject
Project("{FAE04EC0-301F-11D3-BF4B-00C04F79EFBC}") = "ModuleA", "ModuleA\ModuleA.csproj", "{538E2241-3031-44DA-B7E2-1AA13A70EE77}"
EndProject
Project("{FAE04EC0-301F-11D3-BF4B-00C04F79EFBC}") = "SerialPortStuff", "SerialPortStuff\SerialPortStuff.csproj", "{9282777A-B906-4BF5-B6FA-31876E8F06D0}"
EndProject
Project("{2150E333-8FDC-42A3-9474-1A3956D46DE8}") = "WPF_Stuff", "WPF_Stuff", "{59E2C261-0263-44C4-A2A7-9C24B4B7C2E8}"
EndProject
Project("{FAE04EC0-301F-11D3-BF4B-00C04F79EFBC}") = "WpfStuff", "WpfStuff\WpfStuff.csproj", "{B92132DB-886E-4BDA-B746-8D0DC48BD173}"
EndProject
Project("{FAE04EC0-301F-11D3-BF4B-00C04F79EFBC}") = "WpfCustomControls", "WpfCustomControls\WpfCustomControls.csproj", "{066420BB-7E04-4A92-BF40-2D459F8FABAE}"
EndProject
Project("{FAE04EC0-301F-11D3-BF4B-00C04F79EFBC}") = "WpfCommon", "WpfCommon\WpfCommon.csproj", "{408058FE-748B-4E2E-AF90-4E2731E4F586}"
EndProject
Project("{2150E333-8FDC-42A3-9474-1A3956D46DE8}") = "PubSub", "PubSub", "{D1109048-6365-41E4-A83D-D7A48E1B91DE}"
EndProject
Project("{FAE04EC0-301F-11D3-BF4B-00C04F79EFBC}") = "Pub", "Pub\Pub.csproj", "{1B008756-9DCB-4DD4-98AE-C89B318D0ED4}"
EndProject
Project("{FAE04EC0-301F-11D3-BF4B-00C04F79EFBC}") = "Sub", "Sub\Sub.csproj", "{239AD756-FE2C-4E20-A65C-6C0595AF0CAC}"
EndProject
Project("{FAE04EC0-301F-11D3-BF4B-00C04F79EFBC}") = "PubSubService", "PubSubService\PubSubService.csproj", "{26CED071-BF6B-4002-8FC7-AD7BE495768B}"
EndProject
Project("{FAE04EC0-301F-11D3-BF4B-00C04F79EFBC}") = "ServiceModelEx", "ServiceModelEx\ServiceModelEx.csproj", "{0858C710-AF53-4049-B98E-CFE3638D1228}"
EndProject
Project("{FAE04EC0-301F-11D3-BF4B-00C04F79EFBC}") = "MiniTests", "MiniTests\MiniTests.csproj", "{15B7BF5D-FE1E-47B8-975B-03046389121A}"
EndProject
Project("{2150E333-8FDC-42A3-9474-1A3956D46DE8}") = "IoTHubStuff", "IoTHubStuff", "{6B5F63A0-F9E5-418D-A479-49052B5CB4E6}"
EndProject
Project("{FAE04EC0-301F-11D3-BF4B-00C04F79EFBC}") = "CreateDeviceIdentity", "IoTHubStuff\CreateDeviceIdentity\CreateDeviceIdentity.csproj", "{24D56083-D904-4B1F-9466-A3817F35BD6A}"
EndProject
Project("{FAE04EC0-301F-11D3-BF4B-00C04F79EFBC}") = "ReadDeviceToCloudMessages", "IoTHubStuff\ReadDeviceToCloudMessages\ReadDeviceToCloudMessages.csproj", "{F64F534F-907C-43AF-B701-1153EF499FFC}"
EndProject
Project("{FAE04EC0-301F-11D3-BF4B-00C04F79EFBC}") = "SimulatedDevice", "IoTHubStuff\SimulatedDevice\SimulatedDevice.csproj", "{12C352F2-D6C2-4C10-8FBE-5875B3902561}"
EndProject
Project("{FAE04EC0-301F-11D3-BF4B-00C04F79EFBC}") = "PrismStuff", "PrismStuff\PrismStuff.csproj", "{28B73024-A42A-43E2-9650-79812759EEDE}"
EndProject
Project("{FAE04EC0-301F-11D3-BF4B-00C04F79EFBC}") = "ThreadsAndEvents", "ThreadsAndEvents\ThreadsAndEvents.csproj", "{0A04AF28-3426-488C-A4DC-E7E166576A2B}"
EndProject
Project("{FAE04EC0-301F-11D3-BF4B-00C04F79EFBC}") = "Asynchronous Programming", "Asynchronous Programming\Asynchronous Programming.csproj", "{3C4A8044-35E0-4E3E-A23F-B705E37E2998}"
EndProject
Global
	GlobalSection(SolutionConfigurationPlatforms) = preSolution
		Debug|Any CPU = Debug|Any CPU
		Release|Any CPU = Release|Any CPU
	EndGlobalSection
	GlobalSection(ProjectConfigurationPlatforms) = postSolution
		{9B96E802-C817-49B9-8343-9FBC8E9E4D97}.Debug|Any CPU.ActiveCfg = Debug|Any CPU
		{9B96E802-C817-49B9-8343-9FBC8E9E4D97}.Debug|Any CPU.Build.0 = Debug|Any CPU
		{9B96E802-C817-49B9-8343-9FBC8E9E4D97}.Release|Any CPU.ActiveCfg = Release|Any CPU
		{9B96E802-C817-49B9-8343-9FBC8E9E4D97}.Release|Any CPU.Build.0 = Release|Any CPU
		{F9D45D2A-2E6E-4F3D-8BCF-9BF92F862063}.Debug|Any CPU.ActiveCfg = Debug|Any CPU
		{F9D45D2A-2E6E-4F3D-8BCF-9BF92F862063}.Debug|Any CPU.Build.0 = Debug|Any CPU
		{F9D45D2A-2E6E-4F3D-8BCF-9BF92F862063}.Release|Any CPU.ActiveCfg = Release|Any CPU
		{F9D45D2A-2E6E-4F3D-8BCF-9BF92F862063}.Release|Any CPU.Build.0 = Release|Any CPU
		{5EDE7B96-A906-4896-863A-CB0CAF773755}.Debug|Any CPU.ActiveCfg = Debug|Any CPU
		{5EDE7B96-A906-4896-863A-CB0CAF773755}.Debug|Any CPU.Build.0 = Debug|Any CPU
		{5EDE7B96-A906-4896-863A-CB0CAF773755}.Release|Any CPU.ActiveCfg = Release|Any CPU
		{5EDE7B96-A906-4896-863A-CB0CAF773755}.Release|Any CPU.Build.0 = Release|Any CPU
		{C852E1CD-CC89-478C-B543-B4449C2ED4A8}.Debug|Any CPU.ActiveCfg = Debug|Any CPU
		{C852E1CD-CC89-478C-B543-B4449C2ED4A8}.Debug|Any CPU.Build.0 = Debug|Any CPU
		{C852E1CD-CC89-478C-B543-B4449C2ED4A8}.Release|Any CPU.ActiveCfg = Release|Any CPU
		{C852E1CD-CC89-478C-B543-B4449C2ED4A8}.Release|Any CPU.Build.0 = Release|Any CPU
		{5DCFA7F7-75BD-4967-901B-FB4DCF5E9232}.Debug|Any CPU.ActiveCfg = Debug|Any CPU
		{5DCFA7F7-75BD-4967-901B-FB4DCF5E9232}.Debug|Any CPU.Build.0 = Debug|Any CPU
		{5DCFA7F7-75BD-4967-901B-FB4DCF5E9232}.Release|Any CPU.ActiveCfg = Release|Any CPU
		{5DCFA7F7-75BD-4967-901B-FB4DCF5E9232}.Release|Any CPU.Build.0 = Release|Any CPU
		{CA136580-C5A3-48D0-BAF2-5D4745AEF38A}.Debug|Any CPU.ActiveCfg = Debug|Any CPU
		{CA136580-C5A3-48D0-BAF2-5D4745AEF38A}.Debug|Any CPU.Build.0 = Debug|Any CPU
		{CA136580-C5A3-48D0-BAF2-5D4745AEF38A}.Release|Any CPU.ActiveCfg = Release|Any CPU
		{CA136580-C5A3-48D0-BAF2-5D4745AEF38A}.Release|Any CPU.Build.0 = Release|Any CPU
		{084678D2-A8DD-4CBD-B24D-0758EB854AA9}.Debug|Any CPU.ActiveCfg = Debug|Any CPU
		{084678D2-A8DD-4CBD-B24D-0758EB854AA9}.Debug|Any CPU.Build.0 = Debug|Any CPU
		{084678D2-A8DD-4CBD-B24D-0758EB854AA9}.Release|Any CPU.ActiveCfg = Release|Any CPU
		{084678D2-A8DD-4CBD-B24D-0758EB854AA9}.Release|Any CPU.Build.0 = Release|Any CPU
		{0BA76752-DA3D-4740-AC4A-09AB6FACF9A0}.Debug|Any CPU.ActiveCfg = Debug|Any CPU
		{0BA76752-DA3D-4740-AC4A-09AB6FACF9A0}.Debug|Any CPU.Build.0 = Debug|Any CPU
		{0BA76752-DA3D-4740-AC4A-09AB6FACF9A0}.Release|Any CPU.ActiveCfg = Release|Any CPU
		{0BA76752-DA3D-4740-AC4A-09AB6FACF9A0}.Release|Any CPU.Build.0 = Release|Any CPU
		{BFDB7A9A-57E3-427F-9A7D-0EAD6F7EABB2}.Debug|Any CPU.ActiveCfg = Debug|Any CPU
		{BFDB7A9A-57E3-427F-9A7D-0EAD6F7EABB2}.Debug|Any CPU.Build.0 = Debug|Any CPU
		{BFDB7A9A-57E3-427F-9A7D-0EAD6F7EABB2}.Release|Any CPU.ActiveCfg = Release|Any CPU
		{BFDB7A9A-57E3-427F-9A7D-0EAD6F7EABB2}.Release|Any CPU.Build.0 = Release|Any CPU
		{538E2241-3031-44DA-B7E2-1AA13A70EE77}.Debug|Any CPU.ActiveCfg = Debug|Any CPU
		{538E2241-3031-44DA-B7E2-1AA13A70EE77}.Debug|Any CPU.Build.0 = Debug|Any CPU
		{538E2241-3031-44DA-B7E2-1AA13A70EE77}.Release|Any CPU.ActiveCfg = Release|Any CPU
		{538E2241-3031-44DA-B7E2-1AA13A70EE77}.Release|Any CPU.Build.0 = Release|Any CPU
		{9282777A-B906-4BF5-B6FA-31876E8F06D0}.Debug|Any CPU.ActiveCfg = Debug|Any CPU
		{9282777A-B906-4BF5-B6FA-31876E8F06D0}.Debug|Any CPU.Build.0 = Debug|Any CPU
		{9282777A-B906-4BF5-B6FA-31876E8F06D0}.Release|Any CPU.ActiveCfg = Release|Any CPU
		{9282777A-B906-4BF5-B6FA-31876E8F06D0}.Release|Any CPU.Build.0 = Release|Any CPU
		{B92132DB-886E-4BDA-B746-8D0DC48BD173}.Debug|Any CPU.ActiveCfg = Debug|Any CPU
		{B92132DB-886E-4BDA-B746-8D0DC48BD173}.Debug|Any CPU.Build.0 = Debug|Any CPU
		{B92132DB-886E-4BDA-B746-8D0DC48BD173}.Release|Any CPU.ActiveCfg = Release|Any CPU
		{B92132DB-886E-4BDA-B746-8D0DC48BD173}.Release|Any CPU.Build.0 = Release|Any CPU
		{066420BB-7E04-4A92-BF40-2D459F8FABAE}.Debug|Any CPU.ActiveCfg = Debug|Any CPU
		{066420BB-7E04-4A92-BF40-2D459F8FABAE}.Debug|Any CPU.Build.0 = Debug|Any CPU
		{066420BB-7E04-4A92-BF40-2D459F8FABAE}.Release|Any CPU.ActiveCfg = Release|Any CPU
		{066420BB-7E04-4A92-BF40-2D459F8FABAE}.Release|Any CPU.Build.0 = Release|Any CPU
		{408058FE-748B-4E2E-AF90-4E2731E4F586}.Debug|Any CPU.ActiveCfg = Debug|Any CPU
		{408058FE-748B-4E2E-AF90-4E2731E4F586}.Debug|Any CPU.Build.0 = Debug|Any CPU
		{408058FE-748B-4E2E-AF90-4E2731E4F586}.Release|Any CPU.ActiveCfg = Release|Any CPU
		{408058FE-748B-4E2E-AF90-4E2731E4F586}.Release|Any CPU.Build.0 = Release|Any CPU
		{1B008756-9DCB-4DD4-98AE-C89B318D0ED4}.Debug|Any CPU.ActiveCfg = Debug|Any CPU
		{1B008756-9DCB-4DD4-98AE-C89B318D0ED4}.Debug|Any CPU.Build.0 = Debug|Any CPU
		{1B008756-9DCB-4DD4-98AE-C89B318D0ED4}.Release|Any CPU.ActiveCfg = Release|Any CPU
		{1B008756-9DCB-4DD4-98AE-C89B318D0ED4}.Release|Any CPU.Build.0 = Release|Any CPU
		{239AD756-FE2C-4E20-A65C-6C0595AF0CAC}.Debug|Any CPU.ActiveCfg = Debug|Any CPU
		{239AD756-FE2C-4E20-A65C-6C0595AF0CAC}.Debug|Any CPU.Build.0 = Debug|Any CPU
		{239AD756-FE2C-4E20-A65C-6C0595AF0CAC}.Release|Any CPU.ActiveCfg = Release|Any CPU
		{239AD756-FE2C-4E20-A65C-6C0595AF0CAC}.Release|Any CPU.Build.0 = Release|Any CPU
		{26CED071-BF6B-4002-8FC7-AD7BE495768B}.Debug|Any CPU.ActiveCfg = Debug|Any CPU
		{26CED071-BF6B-4002-8FC7-AD7BE495768B}.Debug|Any CPU.Build.0 = Debug|Any CPU
		{26CED071-BF6B-4002-8FC7-AD7BE495768B}.Release|Any CPU.ActiveCfg = Release|Any CPU
		{26CED071-BF6B-4002-8FC7-AD7BE495768B}.Release|Any CPU.Build.0 = Release|Any CPU
		{0858C710-AF53-4049-B98E-CFE3638D1228}.Debug|Any CPU.ActiveCfg = Debug|Any CPU
		{0858C710-AF53-4049-B98E-CFE3638D1228}.Debug|Any CPU.Build.0 = Debug|Any CPU
		{0858C710-AF53-4049-B98E-CFE3638D1228}.Release|Any CPU.ActiveCfg = Release|Any CPU
		{0858C710-AF53-4049-B98E-CFE3638D1228}.Release|Any CPU.Build.0 = Release|Any CPU
		{15B7BF5D-FE1E-47B8-975B-03046389121A}.Debug|Any CPU.ActiveCfg = Debug|Any CPU
		{15B7BF5D-FE1E-47B8-975B-03046389121A}.Debug|Any CPU.Build.0 = Debug|Any CPU
		{15B7BF5D-FE1E-47B8-975B-03046389121A}.Release|Any CPU.ActiveCfg = Release|Any CPU
		{15B7BF5D-FE1E-47B8-975B-03046389121A}.Release|Any CPU.Build.0 = Release|Any CPU
		{24D56083-D904-4B1F-9466-A3817F35BD6A}.Debug|Any CPU.ActiveCfg = Debug|Any CPU
		{24D56083-D904-4B1F-9466-A3817F35BD6A}.Debug|Any CPU.Build.0 = Debug|Any CPU
		{24D56083-D904-4B1F-9466-A3817F35BD6A}.Release|Any CPU.ActiveCfg = Release|Any CPU
		{24D56083-D904-4B1F-9466-A3817F35BD6A}.Release|Any CPU.Build.0 = Release|Any CPU
		{F64F534F-907C-43AF-B701-1153EF499FFC}.Debug|Any CPU.ActiveCfg = Debug|Any CPU
		{F64F534F-907C-43AF-B701-1153EF499FFC}.Debug|Any CPU.Build.0 = Debug|Any CPU
		{F64F534F-907C-43AF-B701-1153EF499FFC}.Release|Any CPU.ActiveCfg = Release|Any CPU
		{F64F534F-907C-43AF-B701-1153EF499FFC}.Release|Any CPU.Build.0 = Release|Any CPU
		{12C352F2-D6C2-4C10-8FBE-5875B3902561}.Debug|Any CPU.ActiveCfg = Debug|Any CPU
		{12C352F2-D6C2-4C10-8FBE-5875B3902561}.Debug|Any CPU.Build.0 = Debug|Any CPU
		{12C352F2-D6C2-4C10-8FBE-5875B3902561}.Release|Any CPU.ActiveCfg = Release|Any CPU
		{12C352F2-D6C2-4C10-8FBE-5875B3902561}.Release|Any CPU.Build.0 = Release|Any CPU
		{28B73024-A42A-43E2-9650-79812759EEDE}.Debug|Any CPU.ActiveCfg = Debug|Any CPU
		{28B73024-A42A-43E2-9650-79812759EEDE}.Debug|Any CPU.Build.0 = Debug|Any CPU
		{28B73024-A42A-43E2-9650-79812759EEDE}.Release|Any CPU.ActiveCfg = Release|Any CPU
		{28B73024-A42A-43E2-9650-79812759EEDE}.Release|Any CPU.Build.0 = Release|Any CPU
		{0A04AF28-3426-488C-A4DC-E7E166576A2B}.Debug|Any CPU.ActiveCfg = Debug|Any CPU
		{0A04AF28-3426-488C-A4DC-E7E166576A2B}.Debug|Any CPU.Build.0 = Debug|Any CPU
		{0A04AF28-3426-488C-A4DC-E7E166576A2B}.Release|Any CPU.ActiveCfg = Release|Any CPU
		{0A04AF28-3426-488C-A4DC-E7E166576A2B}.Release|Any CPU.Build.0 = Release|Any CPU
		{3C4A8044-35E0-4E3E-A23F-B705E37E2998}.Debug|Any CPU.ActiveCfg = Debug|Any CPU
		{3C4A8044-35E0-4E3E-A23F-B705E37E2998}.Debug|Any CPU.Build.0 = Debug|Any CPU
		{3C4A8044-35E0-4E3E-A23F-B705E37E2998}.Release|Any CPU.ActiveCfg = Release|Any CPU
		{3C4A8044-35E0-4E3E-A23F-B705E37E2998}.Release|Any CPU.Build.0 = Release|Any CPU
	EndGlobalSection
	GlobalSection(SolutionProperties) = preSolution
		HideSolutionNode = FALSE
	EndGlobalSection
	GlobalSection(NestedProjects) = preSolution
		{BFDB7A9A-57E3-427F-9A7D-0EAD6F7EABB2} = {85A1A663-FF54-4D97-B3DD-4552245C0DEA}
		{538E2241-3031-44DA-B7E2-1AA13A70EE77} = {85A1A663-FF54-4D97-B3DD-4552245C0DEA}
		{B92132DB-886E-4BDA-B746-8D0DC48BD173} = {59E2C261-0263-44C4-A2A7-9C24B4B7C2E8}
		{066420BB-7E04-4A92-BF40-2D459F8FABAE} = {59E2C261-0263-44C4-A2A7-9C24B4B7C2E8}
		{408058FE-748B-4E2E-AF90-4E2731E4F586} = {59E2C261-0263-44C4-A2A7-9C24B4B7C2E8}
		{1B008756-9DCB-4DD4-98AE-C89B318D0ED4} = {D1109048-6365-41E4-A83D-D7A48E1B91DE}
		{239AD756-FE2C-4E20-A65C-6C0595AF0CAC} = {D1109048-6365-41E4-A83D-D7A48E1B91DE}
		{26CED071-BF6B-4002-8FC7-AD7BE495768B} = {D1109048-6365-41E4-A83D-D7A48E1B91DE}
		{0858C710-AF53-4049-B98E-CFE3638D1228} = {D1109048-6365-41E4-A83D-D7A48E1B91DE}
		{24D56083-D904-4B1F-9466-A3817F35BD6A} = {6B5F63A0-F9E5-418D-A479-49052B5CB4E6}
		{F64F534F-907C-43AF-B701-1153EF499FFC} = {6B5F63A0-F9E5-418D-A479-49052B5CB4E6}
		{12C352F2-D6C2-4C10-8FBE-5875B3902561} = {6B5F63A0-F9E5-418D-A479-49052B5CB4E6}
		{28B73024-A42A-43E2-9650-79812759EEDE} = {F4CAE4FB-2551-4FCB-9B51-AC83B3274D84}
	EndGlobalSection
	GlobalSection(ExtensibilityGlobals) = postSolution
		SolutionGuid = {D4CB487A-91B8-401F-9778-54D970C58FBA}
	EndGlobalSection
EndGlobal
